
Microsoft Visual Studio Solution File, Format Version 12.00
# Visual Studio Version 17
VisualStudioVersion = 17.10.35013.160
MinimumVisualStudioVersion = 10.0.40219.1
Project("{FAE04EC0-301F-11D3-BF4B-00C04F79EFBC}") = "StudentForm", "StudentForm\StudentForm.csproj", "{5338887C-D4E8-4B60-B976-4F4E98E9EEBB}"
EndProject
Global
	GlobalSection(SolutionConfigurationPlatforms) = preSolution
		Debug|Any CPU = Debug|Any CPU
		Release|Any CPU = Release|Any CPU
	EndGlobalSection
	GlobalSection(ProjectConfigurationPlatforms) = postSolution
		{5338887C-D4E8-4B60-B976-4F4E98E9EEBB}.Debug|Any CPU.ActiveCfg = Debug|Any CPU
		{5338887C-D4E8-4B60-B976-4F4E98E9EEBB}.Debug|Any CPU.Build.0 = Debug|Any CPU
		{5338887C-D4E8-4B60-B976-4F4E98E9EEBB}.Release|Any CPU.ActiveCfg = Release|Any CPU
		{5338887C-D4E8-4B60-B976-4F4E98E9EEBB}.Release|Any CPU.Build.0 = Release|Any CPU
	EndGlobalSection
	GlobalSection(SolutionProperties) = preSolution
		HideSolutionNode = FALSE
	EndGlobalSection
	GlobalSection(ExtensibilityGlobals) = postSolution
		SolutionGuid = {A7164B17-0754-4870-A571-0C1A67D92A93}
	EndGlobalSection
EndGlobal
